
Microsoft Visual Studio Solution File, Format Version 12.00
# Visual Studio Version 17
VisualStudioVersion = 17.6.33829.357
MinimumVisualStudioVersion = 10.0.40219.1
Project("{FAE04EC0-301F-11D3-BF4B-00C04F79EFBC}") = "ManagementEquipment", "ManagementEquipment\ManagementEquipment.csproj", "{B82C2840-D07F-47A5-B052-937B56F78EBA}"
EndProject
Global
	GlobalSection(SolutionConfigurationPlatforms) = preSolution
		Debug|Any CPU = Debug|Any CPU
		Release|Any CPU = Release|Any CPU
	EndGlobalSection
	GlobalSection(ProjectConfigurationPlatforms) = postSolution
		{B82C2840-D07F-47A5-B052-937B56F78EBA}.Debug|Any CPU.ActiveCfg = Debug|Any CPU
		{B82C2840-D07F-47A5-B052-937B56F78EBA}.Debug|Any CPU.Build.0 = Debug|Any CPU
		{B82C2840-D07F-47A5-B052-937B56F78EBA}.Release|Any CPU.ActiveCfg = Release|Any CPU
		{B82C2840-D07F-47A5-B052-937B56F78EBA}.Release|Any CPU.Build.0 = Release|Any CPU
	EndGlobalSection
	GlobalSection(SolutionProperties) = preSolution
		HideSolutionNode = FALSE
	EndGlobalSection
	GlobalSection(ExtensibilityGlobals) = postSolution
		SolutionGuid = {A6F1BA52-225D-4295-8350-F9A9AA6A75F3}
	EndGlobalSection
EndGlobal
